
Microsoft Visual Studio Solution File, Format Version 12.00
# Visual Studio 15
VisualStudioVersion = 15.0.28307.1433
MinimumVisualStudioVersion = 10.0.40219.1
Project("{FAE04EC0-301F-11D3-BF4B-00C04F79EFBC}") = "QA Overflow", "QA Overflow\QA Overflow.csproj", "{A10E2370-7D08-4F7F-AB47-3C8DB18CCC3B}"
EndProject
Global
	GlobalSection(SolutionConfigurationPlatforms) = preSolution
		Debug|Any CPU = Debug|Any CPU
		Release|Any CPU = Release|Any CPU
	EndGlobalSection
	GlobalSection(ProjectConfigurationPlatforms) = postSolution
		{A10E2370-7D08-4F7F-AB47-3C8DB18CCC3B}.Debug|Any CPU.ActiveCfg = Debug|Any CPU
		{A10E2370-7D08-4F7F-AB47-3C8DB18CCC3B}.Debug|Any CPU.Build.0 = Debug|Any CPU
		{A10E2370-7D08-4F7F-AB47-3C8DB18CCC3B}.Release|Any CPU.ActiveCfg = Release|Any CPU
		{A10E2370-7D08-4F7F-AB47-3C8DB18CCC3B}.Release|Any CPU.Build.0 = Release|Any CPU
	EndGlobalSection
	GlobalSection(SolutionProperties) = preSolution
		HideSolutionNode = FALSE
	EndGlobalSection
	GlobalSection(ExtensibilityGlobals) = postSolution
		SolutionGuid = {B1649678-6CC7-46A5-9305-1771E96924A0}
	EndGlobalSection
EndGlobal
